{
    "_meta": {
        "hash": {
            "sha256": "6992bdcfbbcc61a61d04fe4d2a8e4b0591f570d181db6240e99bdc9190849233"
        },
        "pipfile-spec": 6,
        "requires": {
            "python_version": "3.11"
        },
        "sources": [
            {
                "name": "pypi",
                "url": "https://pypi.org/simple",
                "verify_ssl": true
            }
        ]
    },
    "default": {
        "blinker": {
            "hashes": [
                "sha256:c3f865d4d54db7abc53758a01601cf343fe55b84c1de4e3fa910e420b438d5b9",
                "sha256:e6820ff6fa4e4d1d8e2747c2283749c3f547e4fee112b98555cdcdae32996182"
            ],
            "markers": "python_version >= '3.8'",
            "version": "==1.7.0"
        },
        "click": {
            "hashes": [
                "sha256:ae74fb96c20a0277a1d615f1e4d73c8414f5a98db8b799a7931d1582f3390c28",
                "sha256:ca9853ad459e787e2192211578cc907e7594e294c7ccc834310722b41b9ca6de"
            ],
            "markers": "python_version >= '3.7'",
            "version": "==8.1.7"
        },
        "colorama": {
            "hashes": [
                "sha256:08695f5cb7ed6e0531a20572697297273c47b8cae5a63ffc6d6ed5c201be6e44",
                "sha256:4f1d9991f5acc0ca119f9d443620b77f9d6b33703e51011c16baf57afb285fc6"
            ],
            "markers": "platform_system == 'Windows'",
            "version": "==0.4.6"
        },
        "flask": {
            "hashes": [
                "sha256:6489f51bb3666def6f314e15f19d50a1869a19ae0e8c9a3641ffe66c77d42403",
                "sha256:ca631a507f6dfe6c278ae20112cea3ff54ff2216390bf8880f6b035a5354af13"
            ],
            "index": "pypi",
            "markers": "python_version >= '3.8'",
            "version": "==3.0.1"
        },
        "fuzz": {
            "hashes": [
                "sha256:b8a301841cb62bb2498de13fd3b9e8a62608a7fd1d0c0b904c3e6c6945509d3f"
            ],
            "index": "pypi",
            "version": "==0.1.1"
        },
        "itsdangerous": {
            "hashes": [
                "sha256:2c2349112351b88699d8d4b6b075022c0808887cb7ad10069318a8b0bc88db44",
                "sha256:5dbbc68b317e5e42f327f9021763545dc3fc3bfe22e6deb96aaf1fc38874156a"
            ],
            "markers": "python_version >= '3.7'",
            "version": "==2.1.2"
        },
        "jinja2": {
            "hashes": [
                "sha256:7d6d50dd97d52cbc355597bd845fabfbac3f551e1f99619e39a35ce8c370b5fa",
                "sha256:ac8bd6544d4bb2c9792bf3a159e80bba8fda7f07e81bc3aed565432d5925ba90"
            ],
            "markers": "python_version >= '3.7'",
            "version": "==3.1.3"
        },
        "markupsafe": {
            "hashes": [
                "sha256:0042d6a9880b38e1dd9ff83146cc3c9c18a059b9360ceae207805567aacccc69",
                "sha256:0c26f67b3fe27302d3a412b85ef696792c4a2386293c53ba683a89562f9399b0",
                "sha256:0fbad3d346df8f9d72622ac71b69565e621ada2ce6572f37c2eae8dacd60385d",
                "sha256:15866d7f2dc60cfdde12ebb4e75e41be862348b4728300c36cdf405e258415ec",
                "sha256:1c98c33ffe20e9a489145d97070a435ea0679fddaabcafe19982fe9c971987d5",
                "sha256:21e7af8091007bf4bebf4521184f4880a6acab8df0df52ef9e513d8e5db23411",
                "sha256:23984d1bdae01bee794267424af55eef4dfc038dc5d1272860669b2aa025c9e3",
                "sha256:31f57d64c336b8ccb1966d156932f3daa4fee74176b0fdc48ef580be774aae74",
                "sha256:3583a3a3ab7958e354dc1d25be74aee6228938312ee875a22330c4dc2e41beb0",
                "sha256:36d7626a8cca4d34216875aee5a1d3d654bb3dac201c1c003d182283e3205949",
                "sha256:396549cea79e8ca4ba65525470d534e8a41070e6b3500ce2414921099cb73e8d",
                "sha256:3a66c36a3864df95e4f62f9167c734b3b1192cb0851b43d7cc08040c074c6279",
                "sha256:3aae9af4cac263007fd6309c64c6ab4506dd2b79382d9d19a1994f9240b8db4f",
                "sha256:3ab3a886a237f6e9c9f4f7d272067e712cdb4efa774bef494dccad08f39d8ae6",
                "sha256:47bb5f0142b8b64ed1399b6b60f700a580335c8e1c57f2f15587bd072012decc",
                "sha256:49a3b78a5af63ec10d8604180380c13dcd870aba7928c1fe04e881d5c792dc4e",
                "sha256:4df98d4a9cd6a88d6a585852f56f2155c9cdb6aec78361a19f938810aa020954",
                "sha256:5045e892cfdaecc5b4c01822f353cf2c8feb88a6ec1c0adef2a2e705eef0f656",
                "sha256:5244324676254697fe5c181fc762284e2c5fceeb1c4e3e7f6aca2b6f107e60dc",
                "sha256:54635102ba3cf5da26eb6f96c4b8c53af8a9c0d97b64bdcb592596a6255d8518",
                "sha256:54a7e1380dfece8847c71bf7e33da5d084e9b889c75eca19100ef98027bd9f56",
                "sha256:55d03fea4c4e9fd0ad75dc2e7e2b6757b80c152c032ea1d1de487461d8140efc",
                "sha256:698e84142f3f884114ea8cf83e7a67ca8f4ace8454e78fe960646c6c91c63bfa",
                "sha256:6aa5e2e7fc9bc042ae82d8b79d795b9a62bd8f15ba1e7594e3db243f158b5565",
                "sha256:7653fa39578957bc42e5ebc15cf4361d9e0ee4b702d7d5ec96cdac860953c5b4",
                "sha256:765f036a3d00395a326df2835d8f86b637dbaf9832f90f5d196c3b8a7a5080cb",
                "sha256:78bc995e004681246e85e28e068111a4c3f35f34e6c62da1471e844ee1446250",
                "sha256:7a07f40ef8f0fbc5ef1000d0c78771f4d5ca03b4953fc162749772916b298fc4",
                "sha256:8b570a1537367b52396e53325769608f2a687ec9a4363647af1cded8928af959",
                "sha256:987d13fe1d23e12a66ca2073b8d2e2a75cec2ecb8eab43ff5624ba0ad42764bc",
                "sha256:9896fca4a8eb246defc8b2a7ac77ef7553b638e04fbf170bff78a40fa8a91474",
                "sha256:9e9e3c4020aa2dc62d5dd6743a69e399ce3de58320522948af6140ac959ab863",
                "sha256:a0b838c37ba596fcbfca71651a104a611543077156cb0a26fe0c475e1f152ee8",
                "sha256:a4d176cfdfde84f732c4a53109b293d05883e952bbba68b857ae446fa3119b4f",
                "sha256:a76055d5cb1c23485d7ddae533229039b850db711c554a12ea64a0fd8a0129e2",
                "sha256:a76cd37d229fc385738bd1ce4cba2a121cf26b53864c1772694ad0ad348e509e",
                "sha256:a7cc49ef48a3c7a0005a949f3c04f8baa5409d3f663a1b36f0eba9bfe2a0396e",
                "sha256:abf5ebbec056817057bfafc0445916bb688a255a5146f900445d081db08cbabb",
                "sha256:b0fe73bac2fed83839dbdbe6da84ae2a31c11cfc1c777a40dbd8ac8a6ed1560f",
                "sha256:b6f14a9cd50c3cb100eb94b3273131c80d102e19bb20253ac7bd7336118a673a",
                "sha256:b83041cda633871572f0d3c41dddd5582ad7d22f65a72eacd8d3d6d00291df26",
                "sha256:b835aba863195269ea358cecc21b400276747cc977492319fd7682b8cd2c253d",
                "sha256:bf1196dcc239e608605b716e7b166eb5faf4bc192f8a44b81e85251e62584bd2",
                "sha256:c669391319973e49a7c6230c218a1e3044710bc1ce4c8e6eb71f7e6d43a2c131",
                "sha256:c7556bafeaa0a50e2fe7dc86e0382dea349ebcad8f010d5a7dc6ba568eaaa789",
                "sha256:c8f253a84dbd2c63c19590fa86a032ef3d8cc18923b8049d91bcdeeb2581fbf6",
                "sha256:d18b66fe626ac412d96c2ab536306c736c66cf2a31c243a45025156cc190dc8a",
                "sha256:d5291d98cd3ad9a562883468c690a2a238c4a6388ab3bd155b0c75dd55ece858",
                "sha256:d5c31fe855c77cad679b302aabc42d724ed87c043b1432d457f4976add1c2c3e",
                "sha256:d6e427c7378c7f1b2bef6a344c925b8b63623d3321c09a237b7cc0e77dd98ceb",
                "sha256:dac1ebf6983148b45b5fa48593950f90ed6d1d26300604f321c74a9ca1609f8e",
                "sha256:de8153a7aae3835484ac168a9a9bdaa0c5eee4e0bc595503c95d53b942879c84",
                "sha256:e1a0d1924a5013d4f294087e00024ad25668234569289650929ab871231668e7",
                "sha256:e7902211afd0af05fbadcc9a312e4cf10f27b779cf1323e78d52377ae4b72bea",
                "sha256:e888ff76ceb39601c59e219f281466c6d7e66bd375b4ec1ce83bcdc68306796b",
                "sha256:f06e5a9e99b7df44640767842f414ed5d7bedaaa78cd817ce04bbd6fd86e2dd6",
                "sha256:f6be2d708a9d0e9b0054856f07ac7070fbe1754be40ca8525d5adccdbda8f475",
                "sha256:f9917691f410a2e0897d1ef99619fd3f7dd503647c8ff2475bf90c3cf222ad74",
                "sha256:fc1a75aa8f11b87910ffd98de62b29d6520b6d6e8a3de69a70ca34dea85d2a8a",
                "sha256:fe8512ed897d5daf089e5bd010c3dc03bb1bdae00b35588c49b98268d4a01e00"
            ],
            "markers": "python_version >= '3.7'",
            "version": "==2.1.4"
        },
        "rapidfuzz": {
            "hashes": [
                "sha256:01835d02acd5d95c1071e1da1bb27fe213c84a013b899aba96380ca9962364bc",
                "sha256:01eb03cd880a294d1bf1a583fdd00b87169b9cc9c9f52587411506658c864d73",
                "sha256:03f73b381bdeccb331a12c3c60f1e41943931461cdb52987f2ecf46bfc22f50d",
                "sha256:0402f1629e91a4b2e4aee68043a30191e5e1b7cd2aa8dacf50b1a1bcf6b7d3ab",
                "sha256:060bd7277dc794279fa95522af355034a29c90b42adcb7aa1da358fc839cdb11",
                "sha256:064c1d66c40b3a0f488db1f319a6e75616b2e5fe5430a59f93a9a5e40a656d15",
                "sha256:06e98ff000e2619e7cfe552d086815671ed09b6899408c2c1b5103658261f6f3",
                "sha256:08b6fb47dd889c69fbc0b915d782aaed43e025df6979b6b7f92084ba55edd526",
                "sha256:0a9fc714b8c290261669f22808913aad49553b686115ad0ee999d1cb3df0cd66",
                "sha256:0bbfae35ce4de4c574b386c43c78a0be176eeddfdae148cb2136f4605bebab89",
                "sha256:12ff8eaf4a9399eb2bebd838f16e2d1ded0955230283b07376d68947bbc2d33d",
                "sha256:1936d134b6c513fbe934aeb668b0fee1ffd4729a3c9d8d373f3e404fbb0ce8a0",
                "sha256:1c47d592e447738744905c18dda47ed155620204714e6df20eb1941bb1ba315e",
                "sha256:1dfc557c0454ad22382373ec1b7df530b4bbd974335efe97a04caec936f2956a",
                "sha256:1e12319c6b304cd4c32d5db00b7a1e36bdc66179c44c5707f6faa5a889a317c0",
                "sha256:23de71e7f05518b0bbeef55d67b5dbce3bcd3e2c81e7e533051a2e9401354eb0",
                "sha256:266dd630f12696ea7119f31d8b8e4959ef45ee2cbedae54417d71ae6f47b9848",
                "sha256:2963f4a3f763870a16ee076796be31a4a0958fbae133dbc43fc55c3968564cf5",
                "sha256:2a791168e119cfddf4b5a40470620c872812042f0621e6a293983a2d52372db0",
                "sha256:2b155e67fff215c09f130555002e42f7517d0ea72cbd58050abb83cb7c880cec",
                "sha256:2b19795b26b979c845dba407fe79d66975d520947b74a8ab6cee1d22686f7967",
                "sha256:2e03038bfa66d2d7cffa05d81c2f18fd6acbb25e7e3c068d52bb7469e07ff382",
                "sha256:3028ee8ecc48250607fa8a0adce37b56275ec3b1acaccd84aee1f68487c8557b",
                "sha256:35660bee3ce1204872574fa041c7ad7ec5175b3053a4cb6e181463fc07013de7",
                "sha256:3c772d04fb0ebeece3109d91f6122b1503023086a9591a0b63d6ee7326bd73d9",
                "sha256:3c84294f4470fcabd7830795d754d808133329e0a81d62fcc2e65886164be83b",
                "sha256:40cced1a8852652813f30fb5d4b8f9b237112a0bbaeebb0f4cc3611502556764",
                "sha256:4243a9c35667a349788461aae6471efde8d8800175b7db5148a6ab929628047f",
                "sha256:42f211e366e026de110a4246801d43a907cd1a10948082f47e8a4e6da76fef52",
                "sha256:4381023fa1ff32fd5076f5d8321249a9aa62128eb3f21d7ee6a55373e672b261",
                "sha256:484759b5dbc5559e76fefaa9170147d1254468f555fd9649aea3bad46162a88b",
                "sha256:49b9ed2472394d306d5dc967a7de48b0aab599016aa4477127b20c2ed982dbf9",
                "sha256:53251e256017e2b87f7000aee0353ba42392c442ae0bafd0f6b948593d3f68c6",
                "sha256:588c4b20fa2fae79d60a4e438cf7133d6773915df3cc0a7f1351da19eb90f720",
                "sha256:5a2f3e9df346145c2be94e4d9eeffb82fab0cbfee85bd4a06810e834fe7c03fa",
                "sha256:5d82b9651e3d34b23e4e8e201ecd3477c2baa17b638979deeabbb585bcb8ba74",
                "sha256:5dd95b6b7bfb1584f806db89e1e0c8dbb9d25a30a4683880c195cc7f197eaf0c",
                "sha256:692c9a50bea7a8537442834f9bc6b7d29d8729a5b6379df17c31b6ab4df948c2",
                "sha256:6b0ccc2ec1781c7e5370d96aef0573dd1f97335343e4982bdb3a44c133e27786",
                "sha256:6dede83a6b903e3ebcd7e8137e7ff46907ce9316e9d7e7f917d7e7cdc570ee05",
                "sha256:7142ee354e9c06e29a2636b9bbcb592bb00600a88f02aa5e70e4f230347b373e",
                "sha256:7183157edf0c982c0b8592686535c8b3e107f13904b36d85219c77be5cefd0d8",
                "sha256:7420e801b00dee4a344ae2ee10e837d603461eb180e41d063699fb7efe08faf0",
                "sha256:757dfd7392ec6346bd004f8826afb3bf01d18a723c97cbe9958c733ab1a51791",
                "sha256:76c23ceaea27e790ddd35ef88b84cf9d721806ca366199a76fd47cfc0457a81b",
                "sha256:7fec74c234d3097612ea80f2a80c60720eec34947066d33d34dc07a3092e8105",
                "sha256:82300e5f8945d601c2daaaac139d5524d7c1fdf719aa799a9439927739917460",
                "sha256:841eafba6913c4dfd53045835545ba01a41e9644e60920c65b89c8f7e60c00a9",
                "sha256:8d7a072f10ee57c8413c8ab9593086d42aaff6ee65df4aa6663eecdb7c398dca",
                "sha256:8e4da90e4c2b444d0a171d7444ea10152e07e95972bb40b834a13bdd6de1110c",
                "sha256:96cd19934f76a1264e8ecfed9d9f5291fde04ecb667faef5f33bdbfd95fe2d1f",
                "sha256:a03863714fa6936f90caa7b4b50ea59ea32bb498cc91f74dc25485b3f8fccfe9",
                "sha256:a1788ebb5f5b655a15777e654ea433d198f593230277e74d51a2a1e29a986283",
                "sha256:a3ee4f8f076aa92184e80308fc1a079ac356b99c39408fa422bbd00145be9854",
                "sha256:a490cd645ef9d8524090551016f05f052e416c8adb2d8b85d35c9baa9d0428ab",
                "sha256:a553cc1a80d97459d587529cc43a4c7c5ecf835f572b671107692fe9eddf3e24",
                "sha256:a59472b43879012b90989603aa5a6937a869a72723b1bf2ff1a0d1edee2cc8e6",
                "sha256:ac434fc71edda30d45db4a92ba5e7a42c7405e1a54cb4ec01d03cc668c6dcd40",
                "sha256:ad9d74ef7c619b5b0577e909582a1928d93e07d271af18ba43e428dc3512c2a1",
                "sha256:ae598a172e3a95df3383634589660d6b170cc1336fe7578115c584a99e0ba64d",
                "sha256:b2ef4c0fd3256e357b70591ffb9e8ed1d439fb1f481ba03016e751a55261d7c1",
                "sha256:b3e5af946f419c30f5cb98b69d40997fe8580efe78fc83c2f0f25b60d0e56efb",
                "sha256:b53137d81e770c82189e07a8f32722d9e4260f13a0aec9914029206ead38cac3",
                "sha256:b7e3375e4f2bfec77f907680328e4cd16cc64e137c84b1886d547ab340ba6928",
                "sha256:bcc957c0a8bde8007f1a8a413a632a1a409890f31f73fe764ef4eac55f59ca87",
                "sha256:be156f51f3a4f369e758505ed4ae64ea88900dcb2f89d5aabb5752676d3f3d7e",
                "sha256:be368573255f8fbb0125a78330a1a40c65e9ba3c5ad129a426ff4289099bfb41",
                "sha256:c1a23eee225dfb21c07f25c9fcf23eb055d0056b48e740fe241cbb4b22284379",
                "sha256:c65f92881753aa1098c77818e2b04a95048f30edbe9c3094dc3707d67df4598b",
                "sha256:ca3dfcf74f2b6962f411c33dd95b0adf3901266e770da6281bc96bb5a8b20de9",
                "sha256:cd4ba4c18b149da11e7f1b3584813159f189dc20833709de5f3df8b1342a9759",
                "sha256:d056e342989248d2bdd67f1955bb7c3b0ecfa239d8f67a8dfe6477b30872c607",
                "sha256:d2f0274595cc5b2b929c80d4e71b35041104b577e118cf789b3fe0a77b37a4c5",
                "sha256:d73dcfe789d37c6c8b108bf1e203e027714a239e50ad55572ced3c004424ed3b",
                "sha256:d79aec8aeee02ab55d0ddb33cea3ecd7b69813a48e423c966a26d7aab025cdfe",
                "sha256:da3e8c9f7e64bb17faefda085ff6862ecb3ad8b79b0f618a6cf4452028aa2222",
                "sha256:dad55a514868dae4543ca48c4e1fc0fac704ead038dafedf8f1fc0cc263746c1",
                "sha256:dec307b57ec2d5054d77d03ee4f654afcd2c18aee00c48014cb70bfed79597d6",
                "sha256:e06c4242a1354cf9d48ee01f6f4e6e19c511d50bb1e8d7d20bcadbb83a2aea90",
                "sha256:e19d519386e9db4a5335a4b29f25b8183a1c3f78cecb4c9c3112e7f86470e37f",
                "sha256:e49b9575d16c56c696bc7b06a06bf0c3d4ef01e89137b3ddd4e2ce709af9fe06",
                "sha256:ebcfb5bfd0a733514352cfc94224faad8791e576a80ffe2fd40b2177bf0e7198",
                "sha256:ed0f712e0bb5fea327e92aec8a937afd07ba8de4c529735d82e4c4124c10d5a0",
                "sha256:edf97c321fd641fea2793abce0e48fa4f91f3c202092672f8b5b4e781960b891",
                "sha256:eef8b346ab331bec12bbc83ac75641249e6167fab3d84d8f5ca37fd8e6c7a08c",
                "sha256:f056ba42fd2f32e06b2c2ba2443594873cfccc0c90c8b6327904fc2ddf6d5799",
                "sha256:f382f7ffe384ce34345e1c0b2065451267d3453cadde78946fbd99a59f0cc23c",
                "sha256:f59d19078cc332dbdf3b7b210852ba1f5db8c0a2cd8cc4c0ed84cc00c76e6802",
                "sha256:fbc07e2e4ac696497c5f66ec35c21ddab3fc7a406640bffed64c26ab2f7ce6d6",
                "sha256:fde9b14302a31af7bdafbf5cfbb100201ba21519be2b9dedcf4f1048e4fbe65d"
            ],
            "markers": "python_version >= '3.8'",
            "version": "==3.6.1"
        },
        "the": {
            "hashes": [
                "sha256:977d36224b3ee6ca2c12728bbcfb890801f1cb793e2e1a0db2e285da7fb5835b"
            ],
            "index": "pypi",
            "version": "==0.1.5"
        },
        "thefuzz": {
            "hashes": [
                "sha256:59729b33556850b90e1093c4cf9e618af6f2e4c985df193fdf3c5b5cf02ca481",
                "sha256:7138039a7ecf540da323792d8592ef9902b1d79eb78c147d4f20664de79f3680"
            ],
            "index": "pypi",
            "markers": "python_version >= '3.8'",
            "version": "==0.22.1"
        },
        "werkzeug": {
            "hashes": [
                "sha256:507e811ecea72b18a404947aded4b3390e1db8f826b494d76550ef45bb3b1dcc",
                "sha256:90a285dc0e42ad56b34e696398b8122ee4c681833fb35b8334a095d82c56da10"
            ],
            "markers": "python_version >= '3.8'",
            "version": "==3.0.1"
        }
    },
    "develop": {}
}
